
Microsoft Visual Studio Solution File, Format Version 12.00
# Visual Studio 14
VisualStudioVersion = 14.0.25420.1
MinimumVisualStudioVersion = 10.0.40219.1
Project("{FAE04EC0-301F-11D3-BF4B-00C04F79EFBC}") = "Products Shop.Client", "Products Shop.Client\Products Shop.Client.csproj", "{41DA0137-E7B1-40D0-9108-E5C6E2E5FCED}"
EndProject
Project("{FAE04EC0-301F-11D3-BF4B-00C04F79EFBC}") = "ProductsShop.Data", "ProductsShop.Data\ProductsShop.Data.csproj", "{80636D1C-97E4-4C4F-910D-28AC634598B1}"
EndProject
Project("{FAE04EC0-301F-11D3-BF4B-00C04F79EFBC}") = "ProductShop.Models", "ProductShop.Models\ProductShop.Models.csproj", "{9B2E28F9-F451-487B-A66E-8B2D2F2AA52D}"
EndProject
Global
	GlobalSection(SolutionConfigurationPlatforms) = preSolution
		Debug|Any CPU = Debug|Any CPU
		Release|Any CPU = Release|Any CPU
	EndGlobalSection
	GlobalSection(ProjectConfigurationPlatforms) = postSolution
		{41DA0137-E7B1-40D0-9108-E5C6E2E5FCED}.Debug|Any CPU.ActiveCfg = Debug|Any CPU
		{41DA0137-E7B1-40D0-9108-E5C6E2E5FCED}.Debug|Any CPU.Build.0 = Debug|Any CPU
		{41DA0137-E7B1-40D0-9108-E5C6E2E5FCED}.Release|Any CPU.ActiveCfg = Release|Any CPU
		{41DA0137-E7B1-40D0-9108-E5C6E2E5FCED}.Release|Any CPU.Build.0 = Release|Any CPU
		{80636D1C-97E4-4C4F-910D-28AC634598B1}.Debug|Any CPU.ActiveCfg = Debug|Any CPU
		{80636D1C-97E4-4C4F-910D-28AC634598B1}.Debug|Any CPU.Build.0 = Debug|Any CPU
		{80636D1C-97E4-4C4F-910D-28AC634598B1}.Release|Any CPU.ActiveCfg = Release|Any CPU
		{80636D1C-97E4-4C4F-910D-28AC634598B1}.Release|Any CPU.Build.0 = Release|Any CPU
		{9B2E28F9-F451-487B-A66E-8B2D2F2AA52D}.Debug|Any CPU.ActiveCfg = Debug|Any CPU
		{9B2E28F9-F451-487B-A66E-8B2D2F2AA52D}.Debug|Any CPU.Build.0 = Debug|Any CPU
		{9B2E28F9-F451-487B-A66E-8B2D2F2AA52D}.Release|Any CPU.ActiveCfg = Release|Any CPU
		{9B2E28F9-F451-487B-A66E-8B2D2F2AA52D}.Release|Any CPU.Build.0 = Release|Any CPU
	EndGlobalSection
	GlobalSection(SolutionProperties) = preSolution
		HideSolutionNode = FALSE
	EndGlobalSection
EndGlobal
